// !$*UTF8*$!
{
	archiveVersion = 1;
	classes = {
	};
	objectVersion = 56;
	objects = {

/* Begin PBXBuildFile section */
		86039D11E416DC81929ED939 /* Pods_e_commerceApp.framework in Frameworks */ = {isa = PBXBuildFile; fileRef = BBADBF5BD2A6FFF4F37CE5EA /* Pods_e_commerceApp.framework */; };
		FCB8B8CB2A34C7A200CDB3AF /* AppDelegate.swift in Sources */ = {isa = PBXBuildFile; fileRef = FCB8B8CA2A34C7A200CDB3AF /* AppDelegate.swift */; };
		FCB8B8CD2A34C7A200CDB3AF /* SceneDelegate.swift in Sources */ = {isa = PBXBuildFile; fileRef = FCB8B8CC2A34C7A200CDB3AF /* SceneDelegate.swift */; };
		FCB8B8D42A34C7A300CDB3AF /* Assets.xcassets in Resources */ = {isa = PBXBuildFile; fileRef = FCB8B8D32A34C7A300CDB3AF /* Assets.xcassets */; };
		FCB8B8D72A34C7A300CDB3AF /* LaunchScreen.storyboard in Resources */ = {isa = PBXBuildFile; fileRef = FCB8B8D52A34C7A300CDB3AF /* LaunchScreen.storyboard */; };
		FCB8B8E02A34C85400CDB3AF /* Extension.swift in Sources */ = {isa = PBXBuildFile; fileRef = FCB8B8DF2A34C85400CDB3AF /* Extension.swift */; };
		FCB8B8E32A34C9ED00CDB3AF /* AppCoordinator.swift in Sources */ = {isa = PBXBuildFile; fileRef = FCB8B8E22A34C9ED00CDB3AF /* AppCoordinator.swift */; };
		FCB8B8E62A34CA2500CDB3AF /* Coordinator.swift in Sources */ = {isa = PBXBuildFile; fileRef = FCB8B8E52A34CA2500CDB3AF /* Coordinator.swift */; };
		FCB8B8E92A34CA6E00CDB3AF /* AuthCoordinator.swift in Sources */ = {isa = PBXBuildFile; fileRef = FCB8B8E82A34CA6E00CDB3AF /* AuthCoordinator.swift */; };
		FCB8B8ED2A34CAF600CDB3AF /* MainAuthPageViewController.swift in Sources */ = {isa = PBXBuildFile; fileRef = FCB8B8EC2A34CAF600CDB3AF /* MainAuthPageViewController.swift */; };
		FCB8B8EF2A34CB0A00CDB3AF /* ViewSetUp.swift in Sources */ = {isa = PBXBuildFile; fileRef = FCB8B8EE2A34CB0A00CDB3AF /* ViewSetUp.swift */; };
		FCB8B8F22A34CB5F00CDB3AF /* MainAuthViewModel.swift in Sources */ = {isa = PBXBuildFile; fileRef = FCB8B8F12A34CB5F00CDB3AF /* MainAuthViewModel.swift */; };
		FCB8B8F72A34CC0700CDB3AF /* SignInViewModel.swift in Sources */ = {isa = PBXBuildFile; fileRef = FCB8B8F62A34CC0700CDB3AF /* SignInViewModel.swift */; };
		FCB8B8F92A34CC4E00CDB3AF /* UIViewSignIn.swift in Sources */ = {isa = PBXBuildFile; fileRef = FCB8B8F82A34CC4E00CDB3AF /* UIViewSignIn.swift */; };
		FCB8B8FB2A34CC7B00CDB3AF /* SignInViewController.swift in Sources */ = {isa = PBXBuildFile; fileRef = FCB8B8FA2A34CC7B00CDB3AF /* SignInViewController.swift */; };
		FCB8B9012A34CD4100CDB3AF /* SignUpAuthManager.swift in Sources */ = {isa = PBXBuildFile; fileRef = FCB8B9002A34CD4100CDB3AF /* SignUpAuthManager.swift */; };
		FCB8B9032A34CD6100CDB3AF /* SignUpViewModel.swift in Sources */ = {isa = PBXBuildFile; fileRef = FCB8B9022A34CD6100CDB3AF /* SignUpViewModel.swift */; };
		FCB8B9052A34CD8500CDB3AF /* UIViewSignUp.swift in Sources */ = {isa = PBXBuildFile; fileRef = FCB8B9042A34CD8500CDB3AF /* UIViewSignUp.swift */; };
		FCB8B9072A34CDB800CDB3AF /* SignUpViewController.swift in Sources */ = {isa = PBXBuildFile; fileRef = FCB8B9062A34CDB800CDB3AF /* SignUpViewController.swift */; };
		FCB8B9092A34D08800CDB3AF /* GoogleService-Info.plist in Resources */ = {isa = PBXBuildFile; fileRef = FCB8B9082A34D08800CDB3AF /* GoogleService-Info.plist */; };
		FCBA887A2A547D0B00FE3DF7 /* MainPageCollectionViewCell.swift in Sources */ = {isa = PBXBuildFile; fileRef = FCBA88792A547D0B00FE3DF7 /* MainPageCollectionViewCell.swift */; };
		FCC4F65D2A48768E00140FCC /* MainPageViewModel.swift in Sources */ = {isa = PBXBuildFile; fileRef = FCC4F65C2A48768E00140FCC /* MainPageViewModel.swift */; };
		FCEB2EFE2A3C67BB00ECF2DC /* MainPageCoordinator.swift in Sources */ = {isa = PBXBuildFile; fileRef = FCEB2EFD2A3C67BB00ECF2DC /* MainPageCoordinator.swift */; };
		FCEB2F012A3C685F00ECF2DC /* MainPageViewController.swift in Sources */ = {isa = PBXBuildFile; fileRef = FCEB2F002A3C685F00ECF2DC /* MainPageViewController.swift */; };
		FCEB2F032A3C689A00ECF2DC /* UIViewMainPage.swift in Sources */ = {isa = PBXBuildFile; fileRef = FCEB2F022A3C689A00ECF2DC /* UIViewMainPage.swift */; };
/* End PBXBuildFile section */

/* Begin PBXFileReference section */
		069BD92C0012100F7DFD0BCA /* Pods-e-commerceApp.debug.xcconfig */ = {isa = PBXFileReference; includeInIndex = 1; lastKnownFileType = text.xcconfig; name = "Pods-e-commerceApp.debug.xcconfig"; path = "Target Support Files/Pods-e-commerceApp/Pods-e-commerceApp.debug.xcconfig"; sourceTree = "<group>"; };
		BBADBF5BD2A6FFF4F37CE5EA /* Pods_e_commerceApp.framework */ = {isa = PBXFileReference; explicitFileType = wrapper.framework; includeInIndex = 0; path = Pods_e_commerceApp.framework; sourceTree = BUILT_PRODUCTS_DIR; };
		F028484B02775B8AC2E876A9 /* Pods-e-commerceApp.release.xcconfig */ = {isa = PBXFileReference; includeInIndex = 1; lastKnownFileType = text.xcconfig; name = "Pods-e-commerceApp.release.xcconfig"; path = "Target Support Files/Pods-e-commerceApp/Pods-e-commerceApp.release.xcconfig"; sourceTree = "<group>"; };
		FCB8B8C72A34C7A200CDB3AF /* e-commerceApp.app */ = {isa = PBXFileReference; explicitFileType = wrapper.application; includeInIndex = 0; path = "e-commerceApp.app"; sourceTree = BUILT_PRODUCTS_DIR; };
		FCB8B8CA2A34C7A200CDB3AF /* AppDelegate.swift */ = {isa = PBXFileReference; lastKnownFileType = sourcecode.swift; path = AppDelegate.swift; sourceTree = "<group>"; };
		FCB8B8CC2A34C7A200CDB3AF /* SceneDelegate.swift */ = {isa = PBXFileReference; lastKnownFileType = sourcecode.swift; path = SceneDelegate.swift; sourceTree = "<group>"; };
		FCB8B8D32A34C7A300CDB3AF /* Assets.xcassets */ = {isa = PBXFileReference; lastKnownFileType = folder.assetcatalog; path = Assets.xcassets; sourceTree = "<group>"; };
		FCB8B8D62A34C7A300CDB3AF /* Base */ = {isa = PBXFileReference; lastKnownFileType = file.storyboard; name = Base; path = Base.lproj/LaunchScreen.storyboard; sourceTree = "<group>"; };
		FCB8B8D82A34C7A300CDB3AF /* Info.plist */ = {isa = PBXFileReference; lastKnownFileType = text.plist.xml; path = Info.plist; sourceTree = "<group>"; };
		FCB8B8DF2A34C85400CDB3AF /* Extension.swift */ = {isa = PBXFileReference; lastKnownFileType = sourcecode.swift; path = Extension.swift; sourceTree = "<group>"; };
		FCB8B8E22A34C9ED00CDB3AF /* AppCoordinator.swift */ = {isa = PBXFileReference; lastKnownFileType = sourcecode.swift; path = AppCoordinator.swift; sourceTree = "<group>"; };
		FCB8B8E52A34CA2500CDB3AF /* Coordinator.swift */ = {isa = PBXFileReference; lastKnownFileType = sourcecode.swift; path = Coordinator.swift; sourceTree = "<group>"; };
		FCB8B8E82A34CA6E00CDB3AF /* AuthCoordinator.swift */ = {isa = PBXFileReference; lastKnownFileType = sourcecode.swift; path = AuthCoordinator.swift; sourceTree = "<group>"; };
		FCB8B8EC2A34CAF600CDB3AF /* MainAuthPageViewController.swift */ = {isa = PBXFileReference; lastKnownFileType = sourcecode.swift; path = MainAuthPageViewController.swift; sourceTree = "<group>"; };
		FCB8B8EE2A34CB0A00CDB3AF /* ViewSetUp.swift */ = {isa = PBXFileReference; lastKnownFileType = sourcecode.swift; path = ViewSetUp.swift; sourceTree = "<group>"; };
		FCB8B8F12A34CB5F00CDB3AF /* MainAuthViewModel.swift */ = {isa = PBXFileReference; lastKnownFileType = sourcecode.swift; path = MainAuthViewModel.swift; sourceTree = "<group>"; };
		FCB8B8F62A34CC0700CDB3AF /* SignInViewModel.swift */ = {isa = PBXFileReference; lastKnownFileType = sourcecode.swift; path = SignInViewModel.swift; sourceTree = "<group>"; };
		FCB8B8F82A34CC4E00CDB3AF /* UIViewSignIn.swift */ = {isa = PBXFileReference; lastKnownFileType = sourcecode.swift; path = UIViewSignIn.swift; sourceTree = "<group>"; };
		FCB8B8FA2A34CC7B00CDB3AF /* SignInViewController.swift */ = {isa = PBXFileReference; lastKnownFileType = sourcecode.swift; path = SignInViewController.swift; sourceTree = "<group>"; };
		FCB8B9002A34CD4100CDB3AF /* SignUpAuthManager.swift */ = {isa = PBXFileReference; lastKnownFileType = sourcecode.swift; path = SignUpAuthManager.swift; sourceTree = "<group>"; };
		FCB8B9022A34CD6100CDB3AF /* SignUpViewModel.swift */ = {isa = PBXFileReference; lastKnownFileType = sourcecode.swift; path = SignUpViewModel.swift; sourceTree = "<group>"; };
		FCB8B9042A34CD8500CDB3AF /* UIViewSignUp.swift */ = {isa = PBXFileReference; lastKnownFileType = sourcecode.swift; path = UIViewSignUp.swift; sourceTree = "<group>"; };
		FCB8B9062A34CDB800CDB3AF /* SignUpViewController.swift */ = {isa = PBXFileReference; lastKnownFileType = sourcecode.swift; path = SignUpViewController.swift; sourceTree = "<group>"; };
		FCB8B9082A34D08800CDB3AF /* GoogleService-Info.plist */ = {isa = PBXFileReference; fileEncoding = 4; lastKnownFileType = text.plist.xml; path = "GoogleService-Info.plist"; sourceTree = "<group>"; };
		FCBA88792A547D0B00FE3DF7 /* MainPageCollectionViewCell.swift */ = {isa = PBXFileReference; lastKnownFileType = sourcecode.swift; path = MainPageCollectionViewCell.swift; sourceTree = "<group>"; };
		FCC4F65C2A48768E00140FCC /* MainPageViewModel.swift */ = {isa = PBXFileReference; lastKnownFileType = sourcecode.swift; path = MainPageViewModel.swift; sourceTree = "<group>"; };
		FCEB2EFD2A3C67BB00ECF2DC /* MainPageCoordinator.swift */ = {isa = PBXFileReference; lastKnownFileType = sourcecode.swift; path = MainPageCoordinator.swift; sourceTree = "<group>"; };
		FCEB2F002A3C685F00ECF2DC /* MainPageViewController.swift */ = {isa = PBXFileReference; lastKnownFileType = sourcecode.swift; path = MainPageViewController.swift; sourceTree = "<group>"; };
		FCEB2F022A3C689A00ECF2DC /* UIViewMainPage.swift */ = {isa = PBXFileReference; lastKnownFileType = sourcecode.swift; path = UIViewMainPage.swift; sourceTree = "<group>"; };
/* End PBXFileReference section */

/* Begin PBXFrameworksBuildPhase section */
		FCB8B8C42A34C7A200CDB3AF /* Frameworks */ = {
			isa = PBXFrameworksBuildPhase;
			buildActionMask = 2147483647;
			files = (
				86039D11E416DC81929ED939 /* Pods_e_commerceApp.framework in Frameworks */,
			);
			runOnlyForDeploymentPostprocessing = 0;
		};
/* End PBXFrameworksBuildPhase section */

/* Begin PBXGroup section */
		9B2740579064BD4336B04B89 /* Frameworks */ = {
			isa = PBXGroup;
			children = (
				BBADBF5BD2A6FFF4F37CE5EA /* Pods_e_commerceApp.framework */,
			);
			name = Frameworks;
			sourceTree = "<group>";
		};
		E310C0C9FE30B57FF53D475A /* Pods */ = {
			isa = PBXGroup;
			children = (
				069BD92C0012100F7DFD0BCA /* Pods-e-commerceApp.debug.xcconfig */,
				F028484B02775B8AC2E876A9 /* Pods-e-commerceApp.release.xcconfig */,
			);
			path = Pods;
			sourceTree = "<group>";
		};
		FCB8B8BE2A34C7A200CDB3AF = {
			isa = PBXGroup;
			children = (
				FCB8B8C92A34C7A200CDB3AF /* e-commerceApp */,
				FCB8B8C82A34C7A200CDB3AF /* Products */,
				E310C0C9FE30B57FF53D475A /* Pods */,
				9B2740579064BD4336B04B89 /* Frameworks */,
			);
			sourceTree = "<group>";
		};
		FCB8B8C82A34C7A200CDB3AF /* Products */ = {
			isa = PBXGroup;
			children = (
				FCB8B8C72A34C7A200CDB3AF /* e-commerceApp.app */,
			);
			name = Products;
			sourceTree = "<group>";
		};
		FCB8B8C92A34C7A200CDB3AF /* e-commerceApp */ = {
			isa = PBXGroup;
			children = (
				FCEB2EFC2A3C679900ECF2DC /* MainPage */,
				FCB8B8E72A34CA5000CDB3AF /* Authenticator */,
				FCB8B8E42A34CA0E00CDB3AF /* Supports */,
				FCB8B8E12A34C8BC00CDB3AF /* Application */,
				FCB8B8DE2A34C82900CDB3AF /* Extension */,
				FCB8B8D32A34C7A300CDB3AF /* Assets.xcassets */,
				FCB8B8D82A34C7A300CDB3AF /* Info.plist */,
				FCB8B9082A34D08800CDB3AF /* GoogleService-Info.plist */,
			);
			path = "e-commerceApp";
			sourceTree = "<group>";
		};
		FCB8B8DE2A34C82900CDB3AF /* Extension */ = {
			isa = PBXGroup;
			children = (
				FCB8B8DF2A34C85400CDB3AF /* Extension.swift */,
			);
			path = Extension;
			sourceTree = "<group>";
		};
		FCB8B8E12A34C8BC00CDB3AF /* Application */ = {
			isa = PBXGroup;
			children = (
				FCB8B8CA2A34C7A200CDB3AF /* AppDelegate.swift */,
				FCB8B8CC2A34C7A200CDB3AF /* SceneDelegate.swift */,
				FCB8B8D52A34C7A300CDB3AF /* LaunchScreen.storyboard */,
				FCB8B8E22A34C9ED00CDB3AF /* AppCoordinator.swift */,
			);
			path = Application;
			sourceTree = "<group>";
		};
		FCB8B8E42A34CA0E00CDB3AF /* Supports */ = {
			isa = PBXGroup;
			children = (
				FCB8B8E52A34CA2500CDB3AF /* Coordinator.swift */,
			);
			path = Supports;
			sourceTree = "<group>";
		};
		FCB8B8E72A34CA5000CDB3AF /* Authenticator */ = {
			isa = PBXGroup;
			children = (
				FCB8B8E82A34CA6E00CDB3AF /* AuthCoordinator.swift */,
				FCB8B8EA2A34CAAC00CDB3AF /* MainPage */,
				FCB8B8F32A34CBBD00CDB3AF /* Login */,
				FCB8B8FC2A34CCEA00CDB3AF /* SignUp */,
			);
			path = Authenticator;
			sourceTree = "<group>";
		};
		FCB8B8EA2A34CAAC00CDB3AF /* MainPage */ = {
			isa = PBXGroup;
			children = (
				FCB8B8F02A34CB4B00CDB3AF /* ViewModel */,
				FCB8B8EB2A34CAC800CDB3AF /* ViewController */,
			);
			path = MainPage;
			sourceTree = "<group>";
		};
		FCB8B8EB2A34CAC800CDB3AF /* ViewController */ = {
			isa = PBXGroup;
			children = (
				FCB8B8EC2A34CAF600CDB3AF /* MainAuthPageViewController.swift */,
				FCB8B8EE2A34CB0A00CDB3AF /* ViewSetUp.swift */,
			);
			path = ViewController;
			sourceTree = "<group>";
		};
		FCB8B8F02A34CB4B00CDB3AF /* ViewModel */ = {
			isa = PBXGroup;
			children = (
				FCB8B8F12A34CB5F00CDB3AF /* MainAuthViewModel.swift */,
			);
			path = ViewModel;
			sourceTree = "<group>";
		};
		FCB8B8F32A34CBBD00CDB3AF /* Login */ = {
			isa = PBXGroup;
			children = (
				FCB8B8F52A34CBE200CDB3AF /* ViewController */,
				FCB8B8F42A34CBD900CDB3AF /* ViewModel */,
			);
			path = Login;
			sourceTree = "<group>";
		};
		FCB8B8F42A34CBD900CDB3AF /* ViewModel */ = {
			isa = PBXGroup;
			children = (
				FCB8B8F62A34CC0700CDB3AF /* SignInViewModel.swift */,
			);
			path = ViewModel;
			sourceTree = "<group>";
		};
		FCB8B8F52A34CBE200CDB3AF /* ViewController */ = {
			isa = PBXGroup;
			children = (
				FCB8B8F82A34CC4E00CDB3AF /* UIViewSignIn.swift */,
				FCB8B8FA2A34CC7B00CDB3AF /* SignInViewController.swift */,
			);
			path = ViewController;
			sourceTree = "<group>";
		};
		FCB8B8FC2A34CCEA00CDB3AF /* SignUp */ = {
			isa = PBXGroup;
			children = (
				FCB8B8FF2A34CD1500CDB3AF /* SignUpAuthManager */,
				FCB8B8FE2A34CD0300CDB3AF /* ViewController */,
				FCB8B8FD2A34CCFA00CDB3AF /* ViewModel */,
			);
			path = SignUp;
			sourceTree = "<group>";
		};
		FCB8B8FD2A34CCFA00CDB3AF /* ViewModel */ = {
			isa = PBXGroup;
			children = (
				FCB8B9022A34CD6100CDB3AF /* SignUpViewModel.swift */,
			);
			path = ViewModel;
			sourceTree = "<group>";
		};
		FCB8B8FE2A34CD0300CDB3AF /* ViewController */ = {
			isa = PBXGroup;
			children = (
				FCB8B9042A34CD8500CDB3AF /* UIViewSignUp.swift */,
				FCB8B9062A34CDB800CDB3AF /* SignUpViewController.swift */,
			);
			path = ViewController;
			sourceTree = "<group>";
		};
		FCB8B8FF2A34CD1500CDB3AF /* SignUpAuthManager */ = {
			isa = PBXGroup;
			children = (
				FCB8B9002A34CD4100CDB3AF /* SignUpAuthManager.swift */,
			);
			path = SignUpAuthManager;
			sourceTree = "<group>";
		};
		FCBA88762A547C7100FE3DF7 /* CollectionViewCell */ = {
			isa = PBXGroup;
			children = (
				FCBA88792A547D0B00FE3DF7 /* MainPageCollectionViewCell.swift */,
			);
			path = CollectionViewCell;
			sourceTree = "<group>";
		};
		FCEB2EFC2A3C679900ECF2DC /* MainPage */ = {
			isa = PBXGroup;
			children = (
				FCEB2EFD2A3C67BB00ECF2DC /* MainPageCoordinator.swift */,
				FCBA88762A547C7100FE3DF7 /* CollectionViewCell */,
				FCEB2EFF2A3C684200ECF2DC /* ViewControler */,
			);
			path = MainPage;
			sourceTree = "<group>";
		};
		FCEB2EFF2A3C684200ECF2DC /* ViewControler */ = {
			isa = PBXGroup;
			children = (
				FCEB2F002A3C685F00ECF2DC /* MainPageViewController.swift */,
				FCEB2F022A3C689A00ECF2DC /* UIViewMainPage.swift */,
				FCC4F65C2A48768E00140FCC /* MainPageViewModel.swift */,
			);
			path = ViewControler;
			sourceTree = "<group>";
		};
/* End PBXGroup section */

/* Begin PBXNativeTarget section */
		FCB8B8C62A34C7A200CDB3AF /* e-commerceApp */ = {
			isa = PBXNativeTarget;
			buildConfigurationList = FCB8B8DB2A34C7A300CDB3AF /* Build configuration list for PBXNativeTarget "e-commerceApp" */;
			buildPhases = (
				0FD45FE9FE2AD2FDD62585FC /* [CP] Check Pods Manifest.lock */,
				FCB8B8C32A34C7A200CDB3AF /* Sources */,
				FCB8B8C42A34C7A200CDB3AF /* Frameworks */,
				FCB8B8C52A34C7A200CDB3AF /* Resources */,
				3254C0F0B46AC04E34EB07E9 /* [CP] Embed Pods Frameworks */,
			);
			buildRules = (
			);
			dependencies = (
			);
			name = "e-commerceApp";
			productName = "e-commerceApp";
			productReference = FCB8B8C72A34C7A200CDB3AF /* e-commerceApp.app */;
			productType = "com.apple.product-type.application";
		};
/* End PBXNativeTarget section */

/* Begin PBXProject section */
		FCB8B8BF2A34C7A200CDB3AF /* Project object */ = {
			isa = PBXProject;
			attributes = {
				BuildIndependentTargetsInParallel = 1;
				LastSwiftUpdateCheck = 1430;
				LastUpgradeCheck = 1430;
				TargetAttributes = {
					FCB8B8C62A34C7A200CDB3AF = {
						CreatedOnToolsVersion = 14.3;
					};
				};
			};
			buildConfigurationList = FCB8B8C22A34C7A200CDB3AF /* Build configuration list for PBXProject "e-commerceApp" */;
			compatibilityVersion = "Xcode 14.0";
			developmentRegion = en;
			hasScannedForEncodings = 0;
			knownRegions = (
				en,
				Base,
			);
			mainGroup = FCB8B8BE2A34C7A200CDB3AF;
			productRefGroup = FCB8B8C82A34C7A200CDB3AF /* Products */;
			projectDirPath = "";
			projectRoot = "";
			targets = (
				FCB8B8C62A34C7A200CDB3AF /* e-commerceApp */,
			);
		};
/* End PBXProject section */

/* Begin PBXResourcesBuildPhase section */
		FCB8B8C52A34C7A200CDB3AF /* Resources */ = {
			isa = PBXResourcesBuildPhase;
			buildActionMask = 2147483647;
			files = (
				FCB8B8D72A34C7A300CDB3AF /* LaunchScreen.storyboard in Resources */,
				FCB8B8D42A34C7A300CDB3AF /* Assets.xcassets in Resources */,
				FCB8B9092A34D08800CDB3AF /* GoogleService-Info.plist in Resources */,
			);
			runOnlyForDeploymentPostprocessing = 0;
		};
/* End PBXResourcesBuildPhase section */

/* Begin PBXShellScriptBuildPhase section */
		0FD45FE9FE2AD2FDD62585FC /* [CP] Check Pods Manifest.lock */ = {
			isa = PBXShellScriptBuildPhase;
			buildActionMask = 2147483647;
			files = (
			);
			inputFileListPaths = (
			);
			inputPaths = (
				"${PODS_PODFILE_DIR_PATH}/Podfile.lock",
				"${PODS_ROOT}/Manifest.lock",
			);
			name = "[CP] Check Pods Manifest.lock";
			outputFileListPaths = (
			);
			outputPaths = (
				"$(DERIVED_FILE_DIR)/Pods-e-commerceApp-checkManifestLockResult.txt",
			);
			runOnlyForDeploymentPostprocessing = 0;
			shellPath = /bin/sh;
			shellScript = "diff \"${PODS_PODFILE_DIR_PATH}/Podfile.lock\" \"${PODS_ROOT}/Manifest.lock\" > /dev/null\nif [ $? != 0 ] ; then\n    # print error to STDERR\n    echo \"error: The sandbox is not in sync with the Podfile.lock. Run 'pod install' or update your CocoaPods installation.\" >&2\n    exit 1\nfi\n# This output is used by Xcode 'outputs' to avoid re-running this script phase.\necho \"SUCCESS\" > \"${SCRIPT_OUTPUT_FILE_0}\"\n";
			showEnvVarsInLog = 0;
		};
		3254C0F0B46AC04E34EB07E9 /* [CP] Embed Pods Frameworks */ = {
			isa = PBXShellScriptBuildPhase;
			buildActionMask = 2147483647;
			files = (
			);
			inputFileListPaths = (
				"${PODS_ROOT}/Target Support Files/Pods-e-commerceApp/Pods-e-commerceApp-frameworks-${CONFIGURATION}-input-files.xcfilelist",
			);
			name = "[CP] Embed Pods Frameworks";
			outputFileListPaths = (
				"${PODS_ROOT}/Target Support Files/Pods-e-commerceApp/Pods-e-commerceApp-frameworks-${CONFIGURATION}-output-files.xcfilelist",
			);
			runOnlyForDeploymentPostprocessing = 0;
			shellPath = /bin/sh;
			shellScript = "\"${PODS_ROOT}/Target Support Files/Pods-e-commerceApp/Pods-e-commerceApp-frameworks.sh\"\n";
			showEnvVarsInLog = 0;
		};
/* End PBXShellScriptBuildPhase section */

/* Begin PBXSourcesBuildPhase section */
		FCB8B8C32A34C7A200CDB3AF /* Sources */ = {
			isa = PBXSourcesBuildPhase;
			buildActionMask = 2147483647;
			files = (
				FCB8B8E32A34C9ED00CDB3AF /* AppCoordinator.swift in Sources */,
				FCB8B8E02A34C85400CDB3AF /* Extension.swift in Sources */,
				FCEB2EFE2A3C67BB00ECF2DC /* MainPageCoordinator.swift in Sources */,
				FCEB2F032A3C689A00ECF2DC /* UIViewMainPage.swift in Sources */,
				FCB8B8F92A34CC4E00CDB3AF /* UIViewSignIn.swift in Sources */,
				FCB8B8E62A34CA2500CDB3AF /* Coordinator.swift in Sources */,
				FCB8B9012A34CD4100CDB3AF /* SignUpAuthManager.swift in Sources */,
				FCB8B8CB2A34C7A200CDB3AF /* AppDelegate.swift in Sources */,
				FCB8B9052A34CD8500CDB3AF /* UIViewSignUp.swift in Sources */,
				FCB8B9032A34CD6100CDB3AF /* SignUpViewModel.swift in Sources */,
				FCB8B8F72A34CC0700CDB3AF /* SignInViewModel.swift in Sources */,
				FCB8B8E92A34CA6E00CDB3AF /* AuthCoordinator.swift in Sources */,
				FCC4F65D2A48768E00140FCC /* MainPageViewModel.swift in Sources */,
				FCB8B9072A34CDB800CDB3AF /* SignUpViewController.swift in Sources */,
				FCB8B8FB2A34CC7B00CDB3AF /* SignInViewController.swift in Sources */,
				FCB8B8ED2A34CAF600CDB3AF /* MainAuthPageViewController.swift in Sources */,
				FCB8B8F22A34CB5F00CDB3AF /* MainAuthViewModel.swift in Sources */,
				FCBA887A2A547D0B00FE3DF7 /* MainPageCollectionViewCell.swift in Sources */,
				FCB8B8EF2A34CB0A00CDB3AF /* ViewSetUp.swift in Sources */,
				FCEB2F012A3C685F00ECF2DC /* MainPageViewController.swift in Sources */,
				FCB8B8CD2A34C7A200CDB3AF /* SceneDelegate.swift in Sources */,
			);
			runOnlyForDeploymentPostprocessing = 0;
		};
/* End PBXSourcesBuildPhase section */

/* Begin PBXVariantGroup section */
		FCB8B8D52A34C7A300CDB3AF /* LaunchScreen.storyboard */ = {
			isa = PBXVariantGroup;
			children = (
				FCB8B8D62A34C7A300CDB3AF /* Base */,
			);
			name = LaunchScreen.storyboard;
			sourceTree = "<group>";
		};
/* End PBXVariantGroup section */

/* Begin XCBuildConfiguration section */
		FCB8B8D92A34C7A300CDB3AF /* Debug */ = {
			isa = XCBuildConfiguration;
			buildSettings = {
				ALWAYS_SEARCH_USER_PATHS = NO;
				CLANG_ANALYZER_NONNULL = YES;
				CLANG_ANALYZER_NUMBER_OBJECT_CONVERSION = YES_AGGRESSIVE;
				CLANG_CXX_LANGUAGE_STANDARD = "gnu++20";
				CLANG_ENABLE_MODULES = YES;
				CLANG_ENABLE_OBJC_ARC = YES;
				CLANG_ENABLE_OBJC_WEAK = YES;
				CLANG_WARN_BLOCK_CAPTURE_AUTORELEASING = YES;
				CLANG_WARN_BOOL_CONVERSION = YES;
				CLANG_WARN_COMMA = YES;
				CLANG_WARN_CONSTANT_CONVERSION = YES;
				CLANG_WARN_DEPRECATED_OBJC_IMPLEMENTATIONS = YES;
				CLANG_WARN_DIRECT_OBJC_ISA_USAGE = YES_ERROR;
				CLANG_WARN_DOCUMENTATION_COMMENTS = YES;
				CLANG_WARN_EMPTY_BODY = YES;
				CLANG_WARN_ENUM_CONVERSION = YES;
				CLANG_WARN_INFINITE_RECURSION = YES;
				CLANG_WARN_INT_CONVERSION = YES;
				CLANG_WARN_NON_LITERAL_NULL_CONVERSION = YES;
				CLANG_WARN_OBJC_IMPLICIT_RETAIN_SELF = YES;
				CLANG_WARN_OBJC_LITERAL_CONVERSION = YES;
				CLANG_WARN_OBJC_ROOT_CLASS = YES_ERROR;
				CLANG_WARN_QUOTED_INCLUDE_IN_FRAMEWORK_HEADER = YES;
				CLANG_WARN_RANGE_LOOP_ANALYSIS = YES;
				CLANG_WARN_STRICT_PROTOTYPES = YES;
				CLANG_WARN_SUSPICIOUS_MOVE = YES;
				CLANG_WARN_UNGUARDED_AVAILABILITY = YES_AGGRESSIVE;
				CLANG_WARN_UNREACHABLE_CODE = YES;
				CLANG_WARN__DUPLICATE_METHOD_MATCH = YES;
				COPY_PHASE_STRIP = NO;
				DEBUG_INFORMATION_FORMAT = dwarf;
				ENABLE_STRICT_OBJC_MSGSEND = YES;
				ENABLE_TESTABILITY = YES;
				GCC_C_LANGUAGE_STANDARD = gnu11;
				GCC_DYNAMIC_NO_PIC = NO;
				GCC_NO_COMMON_BLOCKS = YES;
				GCC_OPTIMIZATION_LEVEL = 0;
				GCC_PREPROCESSOR_DEFINITIONS = (
					"DEBUG=1",
					"$(inherited)",
				);
				GCC_WARN_64_TO_32_BIT_CONVERSION = YES;
				GCC_WARN_ABOUT_RETURN_TYPE = YES_ERROR;
				GCC_WARN_UNDECLARED_SELECTOR = YES;
				GCC_WARN_UNINITIALIZED_AUTOS = YES_AGGRESSIVE;
				GCC_WARN_UNUSED_FUNCTION = YES;
				GCC_WARN_UNUSED_VARIABLE = YES;
				IPHONEOS_DEPLOYMENT_TARGET = 16.4;
				MTL_ENABLE_DEBUG_INFO = INCLUDE_SOURCE;
				MTL_FAST_MATH = YES;
				ONLY_ACTIVE_ARCH = YES;
				SDKROOT = iphoneos;
				SWIFT_ACTIVE_COMPILATION_CONDITIONS = DEBUG;
				SWIFT_OPTIMIZATION_LEVEL = "-Onone";
			};
			name = Debug;
		};
		FCB8B8DA2A34C7A300CDB3AF /* Release */ = {
			isa = XCBuildConfiguration;
			buildSettings = {
				ALWAYS_SEARCH_USER_PATHS = NO;
				CLANG_ANALYZER_NONNULL = YES;
				CLANG_ANALYZER_NUMBER_OBJECT_CONVERSION = YES_AGGRESSIVE;
				CLANG_CXX_LANGUAGE_STANDARD = "gnu++20";
				CLANG_ENABLE_MODULES = YES;
				CLANG_ENABLE_OBJC_ARC = YES;
				CLANG_ENABLE_OBJC_WEAK = YES;
				CLANG_WARN_BLOCK_CAPTURE_AUTORELEASING = YES;
				CLANG_WARN_BOOL_CONVERSION = YES;
				CLANG_WARN_COMMA = YES;
				CLANG_WARN_CONSTANT_CONVERSION = YES;
				CLANG_WARN_DEPRECATED_OBJC_IMPLEMENTATIONS = YES;
				CLANG_WARN_DIRECT_OBJC_ISA_USAGE = YES_ERROR;
				CLANG_WARN_DOCUMENTATION_COMMENTS = YES;
				CLANG_WARN_EMPTY_BODY = YES;
				CLANG_WARN_ENUM_CONVERSION = YES;
				CLANG_WARN_INFINITE_RECURSION = YES;
				CLANG_WARN_INT_CONVERSION = YES;
				CLANG_WARN_NON_LITERAL_NULL_CONVERSION = YES;
				CLANG_WARN_OBJC_IMPLICIT_RETAIN_SELF = YES;
				CLANG_WARN_OBJC_LITERAL_CONVERSION = YES;
				CLANG_WARN_OBJC_ROOT_CLASS = YES_ERROR;
				CLANG_WARN_QUOTED_INCLUDE_IN_FRAMEWORK_HEADER = YES;
				CLANG_WARN_RANGE_LOOP_ANALYSIS = YES;
				CLANG_WARN_STRICT_PROTOTYPES = YES;
				CLANG_WARN_SUSPICIOUS_MOVE = YES;
				CLANG_WARN_UNGUARDED_AVAILABILITY = YES_AGGRESSIVE;
				CLANG_WARN_UNREACHABLE_CODE = YES;
				CLANG_WARN__DUPLICATE_METHOD_MATCH = YES;
				COPY_PHASE_STRIP = NO;
				DEBUG_INFORMATION_FORMAT = "dwarf-with-dsym";
				ENABLE_NS_ASSERTIONS = NO;
				ENABLE_STRICT_OBJC_MSGSEND = YES;
				GCC_C_LANGUAGE_STANDARD = gnu11;
				GCC_NO_COMMON_BLOCKS = YES;
				GCC_WARN_64_TO_32_BIT_CONVERSION = YES;
				GCC_WARN_ABOUT_RETURN_TYPE = YES_ERROR;
				GCC_WARN_UNDECLARED_SELECTOR = YES;
				GCC_WARN_UNINITIALIZED_AUTOS = YES_AGGRESSIVE;
				GCC_WARN_UNUSED_FUNCTION = YES;
				GCC_WARN_UNUSED_VARIABLE = YES;
				IPHONEOS_DEPLOYMENT_TARGET = 16.4;
				MTL_ENABLE_DEBUG_INFO = NO;
				MTL_FAST_MATH = YES;
				SDKROOT = iphoneos;
				SWIFT_COMPILATION_MODE = wholemodule;
				SWIFT_OPTIMIZATION_LEVEL = "-O";
				VALIDATE_PRODUCT = YES;
			};
			name = Release;
		};
		FCB8B8DC2A34C7A300CDB3AF /* Debug */ = {
			isa = XCBuildConfiguration;
			baseConfigurationReference = 069BD92C0012100F7DFD0BCA /* Pods-e-commerceApp.debug.xcconfig */;
			buildSettings = {
				ASSETCATALOG_COMPILER_APPICON_NAME = AppIcon;
				ASSETCATALOG_COMPILER_GLOBAL_ACCENT_COLOR_NAME = AccentColor;
				CODE_SIGN_STYLE = Automatic;
				CURRENT_PROJECT_VERSION = 1;
				DEVELOPMENT_TEAM = UYW8HNCU5F;
				GENERATE_INFOPLIST_FILE = YES;
				INFOPLIST_FILE = "e-commerceApp/Info.plist";
				INFOPLIST_KEY_UIApplicationSupportsIndirectInputEvents = YES;
				INFOPLIST_KEY_UILaunchStoryboardName = LaunchScreen;
				INFOPLIST_KEY_UISupportedInterfaceOrientations_iPad = "UIInterfaceOrientationPortrait UIInterfaceOrientationPortraitUpsideDown UIInterfaceOrientationLandscapeLeft UIInterfaceOrientationLandscapeRight";
				INFOPLIST_KEY_UISupportedInterfaceOrientations_iPhone = "UIInterfaceOrientationPortrait UIInterfaceOrientationLandscapeLeft UIInterfaceOrientationLandscapeRight";
				LD_RUNPATH_SEARCH_PATHS = (
					"$(inherited)",
					"@executable_path/Frameworks",
				);
				MARKETING_VERSION = 1.0;
				PRODUCT_BUNDLE_IDENTIFIER = "app.vakhtang.e-commerceApp";
				PRODUCT_NAME = "$(TARGET_NAME)";
				SWIFT_EMIT_LOC_STRINGS = YES;
				SWIFT_VERSION = 5.0;
				TARGETED_DEVICE_FAMILY = "1,2";
			};
			name = Debug;
		};
		FCB8B8DD2A34C7A300CDB3AF /* Release */ = {
			isa = XCBuildConfiguration;
			baseConfigurationReference = F028484B02775B8AC2E876A9 /* Pods-e-commerceApp.release.xcconfig */;
			buildSettings = {
				ASSETCATALOG_COMPILER_APPICON_NAME = AppIcon;
				ASSETCATALOG_COMPILER_GLOBAL_ACCENT_COLOR_NAME = AccentColor;
				CODE_SIGN_STYLE = Automatic;
				CURRENT_PROJECT_VERSION = 1;
				DEVELOPMENT_TEAM = UYW8HNCU5F;
				GENERATE_INFOPLIST_FILE = YES;
				INFOPLIST_FILE = "e-commerceApp/Info.plist";
				INFOPLIST_KEY_UIApplicationSupportsIndirectInputEvents = YES;
				INFOPLIST_KEY_UILaunchStoryboardName = LaunchScreen;
				INFOPLIST_KEY_UISupportedInterfaceOrientations_iPad = "UIInterfaceOrientationPortrait UIInterfaceOrientationPortraitUpsideDown UIInterfaceOrientationLandscapeLeft UIInterfaceOrientationLandscapeRight";
				INFOPLIST_KEY_UISupportedInterfaceOrientations_iPhone = "UIInterfaceOrientationPortrait UIInterfaceOrientationLandscapeLeft UIInterfaceOrientationLandscapeRight";
				LD_RUNPATH_SEARCH_PATHS = (
					"$(inherited)",
					"@executable_path/Frameworks",
				);
				MARKETING_VERSION = 1.0;
				PRODUCT_BUNDLE_IDENTIFIER = "app.vakhtang.e-commerceApp";
				PRODUCT_NAME = "$(TARGET_NAME)";
				SWIFT_EMIT_LOC_STRINGS = YES;
				SWIFT_VERSION = 5.0;
				TARGETED_DEVICE_FAMILY = "1,2";
			};
			name = Release;
		};
/* End XCBuildConfiguration section */

/* Begin XCConfigurationList section */
		FCB8B8C22A34C7A200CDB3AF /* Build configuration list for PBXProject "e-commerceApp" */ = {
			isa = XCConfigurationList;
			buildConfigurations = (
				FCB8B8D92A34C7A300CDB3AF /* Debug */,
				FCB8B8DA2A34C7A300CDB3AF /* Release */,
			);
			defaultConfigurationIsVisible = 0;
			defaultConfigurationName = Release;
		};
		FCB8B8DB2A34C7A300CDB3AF /* Build configuration list for PBXNativeTarget "e-commerceApp" */ = {
			isa = XCConfigurationList;
			buildConfigurations = (
				FCB8B8DC2A34C7A300CDB3AF /* Debug */,
				FCB8B8DD2A34C7A300CDB3AF /* Release */,
			);
			defaultConfigurationIsVisible = 0;
			defaultConfigurationName = Release;
		};
/* End XCConfigurationList section */
	};
	rootObject = FCB8B8BF2A34C7A200CDB3AF /* Project object */;
}
