// !$*UTF8*$!
{
	archiveVersion = 1;
	classes = {
	};
	objectVersion = 56;
	objects = {

/* Begin PBXBuildFile section */
		FC09C86D2BC46D6D00590051 /* GoogleService-Info.plist in Resources */ = {isa = PBXBuildFile; fileRef = FC09C86C2BC46D6D00590051 /* GoogleService-Info.plist */; };
		FC5C38312BB09ED70072FB2D /* EcommerceAppApp.swift in Sources */ = {isa = PBXBuildFile; fileRef = FC5C38302BB09ED70072FB2D /* EcommerceAppApp.swift */; };
		FC5C38352BB09ED90072FB2D /* Assets.xcassets in Resources */ = {isa = PBXBuildFile; fileRef = FC5C38342BB09ED90072FB2D /* Assets.xcassets */; };
		FC5C38382BB09ED90072FB2D /* Preview Assets.xcassets in Resources */ = {isa = PBXBuildFile; fileRef = FC5C38372BB09ED90072FB2D /* Preview Assets.xcassets */; };
		FC800D262BB34E0F001344C8 /* FirebaseAnalytics in Frameworks */ = {isa = PBXBuildFile; productRef = FC800D252BB34E0F001344C8 /* FirebaseAnalytics */; };
		FC800D282BB34E0F001344C8 /* FirebaseAnalyticsSwift in Frameworks */ = {isa = PBXBuildFile; productRef = FC800D272BB34E0F001344C8 /* FirebaseAnalyticsSwift */; };
		FC800D2A2BB34E0F001344C8 /* FirebaseAppCheck in Frameworks */ = {isa = PBXBuildFile; productRef = FC800D292BB34E0F001344C8 /* FirebaseAppCheck */; };
		FC800D2C2BB34E0F001344C8 /* FirebaseAppDistribution-Beta in Frameworks */ = {isa = PBXBuildFile; productRef = FC800D2B2BB34E0F001344C8 /* FirebaseAppDistribution-Beta */; };
		FC800D2F2BB35469001344C8 /* FirebaseAuth in Frameworks */ = {isa = PBXBuildFile; productRef = FC800D2E2BB35469001344C8 /* FirebaseAuth */; };
		FC800D382BB3591C001344C8 /* SignInView.swift in Sources */ = {isa = PBXBuildFile; fileRef = FC800D372BB3591C001344C8 /* SignInView.swift */; };
		FC800D3B2BB42656001344C8 /* UserModel.swift in Sources */ = {isa = PBXBuildFile; fileRef = FC800D3A2BB42656001344C8 /* UserModel.swift */; };
		FC800D472BB59D40001344C8 /* ContentView.swift in Sources */ = {isa = PBXBuildFile; fileRef = FC800D462BB59D40001344C8 /* ContentView.swift */; };
		FC800D4A2BB5A2E6001344C8 /* SettingsScreenView.swift in Sources */ = {isa = PBXBuildFile; fileRef = FC800D492BB5A2E6001344C8 /* SettingsScreenView.swift */; };
		FC800D5A2BB88E6F001344C8 /* InputView.swift in Sources */ = {isa = PBXBuildFile; fileRef = FC800D592BB88E6F001344C8 /* InputView.swift */; };
		FC800D5C2BB8988F001344C8 /* RegistrationView.swift in Sources */ = {isa = PBXBuildFile; fileRef = FC800D5B2BB8988F001344C8 /* RegistrationView.swift */; };
		FC800D5E2BB9908C001344C8 /* SettingRowView.swift in Sources */ = {isa = PBXBuildFile; fileRef = FC800D5D2BB9908C001344C8 /* SettingRowView.swift */; };
		FC800D612BB9CAA2001344C8 /* FirebaseFirestore in Frameworks */ = {isa = PBXBuildFile; productRef = FC800D602BB9CAA2001344C8 /* FirebaseFirestore */; };
		FC800D632BB9CAA8001344C8 /* FirebaseFirestoreSwift in Frameworks */ = {isa = PBXBuildFile; productRef = FC800D622BB9CAA8001344C8 /* FirebaseFirestoreSwift */; };
		FC800D652BB9CACD001344C8 /* FirebaseStorage in Frameworks */ = {isa = PBXBuildFile; productRef = FC800D642BB9CACD001344C8 /* FirebaseStorage */; };
		FC800D692BB9CD8E001344C8 /* AuthViewModel.swift in Sources */ = {isa = PBXBuildFile; fileRef = FC800D682BB9CD8E001344C8 /* AuthViewModel.swift */; };
/* End PBXBuildFile section */

/* Begin PBXFileReference section */
		FC09C86C2BC46D6D00590051 /* GoogleService-Info.plist */ = {isa = PBXFileReference; fileEncoding = 4; lastKnownFileType = text.plist.xml; path = "GoogleService-Info.plist"; sourceTree = "<group>"; };
		FC5C382D2BB09ED70072FB2D /* EcommerceApp.app */ = {isa = PBXFileReference; explicitFileType = wrapper.application; includeInIndex = 0; path = EcommerceApp.app; sourceTree = BUILT_PRODUCTS_DIR; };
		FC5C38302BB09ED70072FB2D /* EcommerceAppApp.swift */ = {isa = PBXFileReference; lastKnownFileType = sourcecode.swift; path = EcommerceAppApp.swift; sourceTree = "<group>"; };
		FC5C38342BB09ED90072FB2D /* Assets.xcassets */ = {isa = PBXFileReference; lastKnownFileType = folder.assetcatalog; path = Assets.xcassets; sourceTree = "<group>"; };
		FC5C38372BB09ED90072FB2D /* Preview Assets.xcassets */ = {isa = PBXFileReference; lastKnownFileType = folder.assetcatalog; path = "Preview Assets.xcassets"; sourceTree = "<group>"; };
		FC800D372BB3591C001344C8 /* SignInView.swift */ = {isa = PBXFileReference; lastKnownFileType = sourcecode.swift; path = SignInView.swift; sourceTree = "<group>"; };
		FC800D3A2BB42656001344C8 /* UserModel.swift */ = {isa = PBXFileReference; lastKnownFileType = sourcecode.swift; path = UserModel.swift; sourceTree = "<group>"; };
		FC800D462BB59D40001344C8 /* ContentView.swift */ = {isa = PBXFileReference; lastKnownFileType = sourcecode.swift; path = ContentView.swift; sourceTree = "<group>"; };
		FC800D492BB5A2E6001344C8 /* SettingsScreenView.swift */ = {isa = PBXFileReference; lastKnownFileType = sourcecode.swift; path = SettingsScreenView.swift; sourceTree = "<group>"; };
		FC800D592BB88E6F001344C8 /* InputView.swift */ = {isa = PBXFileReference; lastKnownFileType = sourcecode.swift; path = InputView.swift; sourceTree = "<group>"; };
		FC800D5B2BB8988F001344C8 /* RegistrationView.swift */ = {isa = PBXFileReference; lastKnownFileType = sourcecode.swift; path = RegistrationView.swift; sourceTree = "<group>"; };
		FC800D5D2BB9908C001344C8 /* SettingRowView.swift */ = {isa = PBXFileReference; lastKnownFileType = sourcecode.swift; path = SettingRowView.swift; sourceTree = "<group>"; };
		FC800D682BB9CD8E001344C8 /* AuthViewModel.swift */ = {isa = PBXFileReference; lastKnownFileType = sourcecode.swift; path = AuthViewModel.swift; sourceTree = "<group>"; };
/* End PBXFileReference section */

/* Begin PBXFrameworksBuildPhase section */
		FC5C382A2BB09ED70072FB2D /* Frameworks */ = {
			isa = PBXFrameworksBuildPhase;
			buildActionMask = 2147483647;
			files = (
				FC800D282BB34E0F001344C8 /* FirebaseAnalyticsSwift in Frameworks */,
				FC800D2F2BB35469001344C8 /* FirebaseAuth in Frameworks */,
				FC800D2A2BB34E0F001344C8 /* FirebaseAppCheck in Frameworks */,
				FC800D632BB9CAA8001344C8 /* FirebaseFirestoreSwift in Frameworks */,
				FC800D262BB34E0F001344C8 /* FirebaseAnalytics in Frameworks */,
				FC800D652BB9CACD001344C8 /* FirebaseStorage in Frameworks */,
				FC800D2C2BB34E0F001344C8 /* FirebaseAppDistribution-Beta in Frameworks */,
				FC800D612BB9CAA2001344C8 /* FirebaseFirestore in Frameworks */,
			);
			runOnlyForDeploymentPostprocessing = 0;
		};
/* End PBXFrameworksBuildPhase section */

/* Begin PBXGroup section */
		FC5C38242BB09ED70072FB2D = {
			isa = PBXGroup;
			children = (
				FC5C382F2BB09ED70072FB2D /* EcommerceApp */,
				FC800D5F2BB9CAA2001344C8 /* Frameworks */,
			);
			sourceTree = "<group>";
		};
		FC5C382E2BB09ED70072FB2D /* Products */ = {
			isa = PBXGroup;
			children = (
				FC5C382D2BB09ED70072FB2D /* EcommerceApp.app */,
			);
			name = Products;
			path = ..;
			sourceTree = "<group>";
		};
		FC5C382F2BB09ED70072FB2D /* EcommerceApp */ = {
			isa = PBXGroup;
			children = (
				FC800D582BB88E3C001344C8 /* Components */,
				FC800D542BB87D97001344C8 /* Core */,
				FC800D392BB42645001344C8 /* Model */,
				FC800D532BB733DB001344C8 /* Application */,
				FC5C382E2BB09ED70072FB2D /* Products */,
				FC5C38342BB09ED90072FB2D /* Assets.xcassets */,
				FC09C86C2BC46D6D00590051 /* GoogleService-Info.plist */,
				FC5C38362BB09ED90072FB2D /* Preview Content */,
				FC800D2D2BB35469001344C8 /* Frameworks */,
			);
			path = EcommerceApp;
			sourceTree = "<group>";
		};
		FC5C38362BB09ED90072FB2D /* Preview Content */ = {
			isa = PBXGroup;
			children = (
				FC5C38372BB09ED90072FB2D /* Preview Assets.xcassets */,
			);
			path = "Preview Content";
			sourceTree = "<group>";
		};
		FC800D2D2BB35469001344C8 /* Frameworks */ = {
			isa = PBXGroup;
			children = (
			);
			name = Frameworks;
			path = ..;
			sourceTree = "<group>";
		};
		FC800D332BB3589E001344C8 /* Authentication */ = {
			isa = PBXGroup;
			children = (
				FC800D662BB9CB8A001344C8 /* View */,
				FC800D672BB9CBFE001344C8 /* ViewModel */,
			);
			path = Authentication;
			sourceTree = "<group>";
		};
		FC800D392BB42645001344C8 /* Model */ = {
			isa = PBXGroup;
			children = (
				FC800D3A2BB42656001344C8 /* UserModel.swift */,
			);
			path = Model;
			sourceTree = "<group>";
		};
		FC800D4B2BB5A2F1001344C8 /* Setting */ = {
			isa = PBXGroup;
			children = (
				FC800D492BB5A2E6001344C8 /* SettingsScreenView.swift */,
			);
			path = Setting;
			sourceTree = "<group>";
		};
		FC800D532BB733DB001344C8 /* Application */ = {
			isa = PBXGroup;
			children = (
				FC5C38302BB09ED70072FB2D /* EcommerceAppApp.swift */,
			);
			path = Application;
			sourceTree = "<group>";
		};
		FC800D542BB87D97001344C8 /* Core */ = {
			isa = PBXGroup;
			children = (
				FC800D332BB3589E001344C8 /* Authentication */,
				FC800D4B2BB5A2F1001344C8 /* Setting */,
				FC800D552BB87D9F001344C8 /* Root */,
			);
			path = Core;
			sourceTree = "<group>";
		};
		FC800D552BB87D9F001344C8 /* Root */ = {
			isa = PBXGroup;
			children = (
				FC800D462BB59D40001344C8 /* ContentView.swift */,
			);
			path = Root;
			sourceTree = "<group>";
		};
		FC800D582BB88E3C001344C8 /* Components */ = {
			isa = PBXGroup;
			children = (
				FC800D592BB88E6F001344C8 /* InputView.swift */,
				FC800D5D2BB9908C001344C8 /* SettingRowView.swift */,
			);
			path = Components;
			sourceTree = "<group>";
		};
		FC800D5F2BB9CAA2001344C8 /* Frameworks */ = {
			isa = PBXGroup;
			children = (
			);
			name = Frameworks;
			sourceTree = "<group>";
		};
		FC800D662BB9CB8A001344C8 /* View */ = {
			isa = PBXGroup;
			children = (
				FC800D372BB3591C001344C8 /* SignInView.swift */,
				FC800D5B2BB8988F001344C8 /* RegistrationView.swift */,
			);
			path = View;
			sourceTree = "<group>";
		};
		FC800D672BB9CBFE001344C8 /* ViewModel */ = {
			isa = PBXGroup;
			children = (
				FC800D682BB9CD8E001344C8 /* AuthViewModel.swift */,
			);
			path = ViewModel;
			sourceTree = "<group>";
		};
/* End PBXGroup section */

/* Begin PBXNativeTarget section */
		FC5C382C2BB09ED70072FB2D /* EcommerceApp */ = {
			isa = PBXNativeTarget;
			buildConfigurationList = FC5C383B2BB09ED90072FB2D /* Build configuration list for PBXNativeTarget "EcommerceApp" */;
			buildPhases = (
				FC5C38292BB09ED70072FB2D /* Sources */,
				FC5C382A2BB09ED70072FB2D /* Frameworks */,
				FC5C382B2BB09ED70072FB2D /* Resources */,
			);
			buildRules = (
			);
			dependencies = (
			);
			name = EcommerceApp;
			packageProductDependencies = (
				FC800D252BB34E0F001344C8 /* FirebaseAnalytics */,
				FC800D272BB34E0F001344C8 /* FirebaseAnalyticsSwift */,
				FC800D292BB34E0F001344C8 /* FirebaseAppCheck */,
				FC800D2B2BB34E0F001344C8 /* FirebaseAppDistribution-Beta */,
				FC800D2E2BB35469001344C8 /* FirebaseAuth */,
				FC800D602BB9CAA2001344C8 /* FirebaseFirestore */,
				FC800D622BB9CAA8001344C8 /* FirebaseFirestoreSwift */,
				FC800D642BB9CACD001344C8 /* FirebaseStorage */,
			);
			productName = EcommerceApp;
			productReference = FC5C382D2BB09ED70072FB2D /* EcommerceApp.app */;
			productType = "com.apple.product-type.application";
		};
/* End PBXNativeTarget section */

/* Begin PBXProject section */
		FC5C38252BB09ED70072FB2D /* Project object */ = {
			isa = PBXProject;
			attributes = {
				BuildIndependentTargetsInParallel = 1;
				LastSwiftUpdateCheck = 1500;
				LastUpgradeCheck = 1500;
				TargetAttributes = {
					FC5C382C2BB09ED70072FB2D = {
						CreatedOnToolsVersion = 15.0.1;
					};
				};
			};
			buildConfigurationList = FC5C38282BB09ED70072FB2D /* Build configuration list for PBXProject "EcommerceApp" */;
			compatibilityVersion = "Xcode 14.0";
			developmentRegion = en;
			hasScannedForEncodings = 0;
			knownRegions = (
				en,
				Base,
			);
			mainGroup = FC5C38242BB09ED70072FB2D;
			packageReferences = (
				FC800D242BB34E0F001344C8 /* XCRemoteSwiftPackageReference "firebase-ios-sdk" */,
			);
			productRefGroup = FC5C382E2BB09ED70072FB2D /* Products */;
			projectDirPath = "";
			projectRoot = "";
			targets = (
				FC5C382C2BB09ED70072FB2D /* EcommerceApp */,
			);
		};
/* End PBXProject section */

/* Begin PBXResourcesBuildPhase section */
		FC5C382B2BB09ED70072FB2D /* Resources */ = {
			isa = PBXResourcesBuildPhase;
			buildActionMask = 2147483647;
			files = (
				FC5C38382BB09ED90072FB2D /* Preview Assets.xcassets in Resources */,
				FC5C38352BB09ED90072FB2D /* Assets.xcassets in Resources */,
				FC09C86D2BC46D6D00590051 /* GoogleService-Info.plist in Resources */,
			);
			runOnlyForDeploymentPostprocessing = 0;
		};
/* End PBXResourcesBuildPhase section */

/* Begin PBXSourcesBuildPhase section */
		FC5C38292BB09ED70072FB2D /* Sources */ = {
			isa = PBXSourcesBuildPhase;
			buildActionMask = 2147483647;
			files = (
				FC800D5C2BB8988F001344C8 /* RegistrationView.swift in Sources */,
				FC800D472BB59D40001344C8 /* ContentView.swift in Sources */,
				FC800D5E2BB9908C001344C8 /* SettingRowView.swift in Sources */,
				FC5C38312BB09ED70072FB2D /* EcommerceAppApp.swift in Sources */,
				FC800D3B2BB42656001344C8 /* UserModel.swift in Sources */,
				FC800D4A2BB5A2E6001344C8 /* SettingsScreenView.swift in Sources */,
				FC800D5A2BB88E6F001344C8 /* InputView.swift in Sources */,
				FC800D382BB3591C001344C8 /* SignInView.swift in Sources */,
				FC800D692BB9CD8E001344C8 /* AuthViewModel.swift in Sources */,
			);
			runOnlyForDeploymentPostprocessing = 0;
		};
/* End PBXSourcesBuildPhase section */

/* Begin XCBuildConfiguration section */
		FC5C38392BB09ED90072FB2D /* Debug */ = {
			isa = XCBuildConfiguration;
			buildSettings = {
				ALWAYS_SEARCH_USER_PATHS = NO;
				ASSETCATALOG_COMPILER_GENERATE_SWIFT_ASSET_SYMBOL_EXTENSIONS = YES;
				CLANG_ANALYZER_NONNULL = YES;
				CLANG_ANALYZER_NUMBER_OBJECT_CONVERSION = YES_AGGRESSIVE;
				CLANG_CXX_LANGUAGE_STANDARD = "gnu++20";
				CLANG_ENABLE_MODULES = YES;
				CLANG_ENABLE_OBJC_ARC = YES;
				CLANG_ENABLE_OBJC_WEAK = YES;
				CLANG_WARN_BLOCK_CAPTURE_AUTORELEASING = YES;
				CLANG_WARN_BOOL_CONVERSION = YES;
				CLANG_WARN_COMMA = YES;
				CLANG_WARN_CONSTANT_CONVERSION = YES;
				CLANG_WARN_DEPRECATED_OBJC_IMPLEMENTATIONS = YES;
				CLANG_WARN_DIRECT_OBJC_ISA_USAGE = YES_ERROR;
				CLANG_WARN_DOCUMENTATION_COMMENTS = YES;
				CLANG_WARN_EMPTY_BODY = YES;
				CLANG_WARN_ENUM_CONVERSION = YES;
				CLANG_WARN_INFINITE_RECURSION = YES;
				CLANG_WARN_INT_CONVERSION = YES;
				CLANG_WARN_NON_LITERAL_NULL_CONVERSION = YES;
				CLANG_WARN_OBJC_IMPLICIT_RETAIN_SELF = YES;
				CLANG_WARN_OBJC_LITERAL_CONVERSION = YES;
				CLANG_WARN_OBJC_ROOT_CLASS = YES_ERROR;
				CLANG_WARN_QUOTED_INCLUDE_IN_FRAMEWORK_HEADER = YES;
				CLANG_WARN_RANGE_LOOP_ANALYSIS = YES;
				CLANG_WARN_STRICT_PROTOTYPES = YES;
				CLANG_WARN_SUSPICIOUS_MOVE = YES;
				CLANG_WARN_UNGUARDED_AVAILABILITY = YES_AGGRESSIVE;
				CLANG_WARN_UNREACHABLE_CODE = YES;
				CLANG_WARN__DUPLICATE_METHOD_MATCH = YES;
				COPY_PHASE_STRIP = NO;
				DEBUG_INFORMATION_FORMAT = dwarf;
				ENABLE_STRICT_OBJC_MSGSEND = YES;
				ENABLE_TESTABILITY = YES;
				ENABLE_USER_SCRIPT_SANDBOXING = YES;
				GCC_C_LANGUAGE_STANDARD = gnu17;
				GCC_DYNAMIC_NO_PIC = NO;
				GCC_NO_COMMON_BLOCKS = YES;
				GCC_OPTIMIZATION_LEVEL = 0;
				GCC_PREPROCESSOR_DEFINITIONS = (
					"DEBUG=1",
					"$(inherited)",
				);
				GCC_WARN_64_TO_32_BIT_CONVERSION = YES;
				GCC_WARN_ABOUT_RETURN_TYPE = YES_ERROR;
				GCC_WARN_UNDECLARED_SELECTOR = YES;
				GCC_WARN_UNINITIALIZED_AUTOS = YES_AGGRESSIVE;
				GCC_WARN_UNUSED_FUNCTION = YES;
				GCC_WARN_UNUSED_VARIABLE = YES;
				IPHONEOS_DEPLOYMENT_TARGET = 16.1;
				LOCALIZATION_PREFERS_STRING_CATALOGS = YES;
				MTL_ENABLE_DEBUG_INFO = INCLUDE_SOURCE;
				MTL_FAST_MATH = YES;
				ONLY_ACTIVE_ARCH = YES;
				SDKROOT = iphoneos;
				SWIFT_ACTIVE_COMPILATION_CONDITIONS = "DEBUG $(inherited)";
				SWIFT_OPTIMIZATION_LEVEL = "-Onone";
			};
			name = Debug;
		};
		FC5C383A2BB09ED90072FB2D /* Release */ = {
			isa = XCBuildConfiguration;
			buildSettings = {
				ALWAYS_SEARCH_USER_PATHS = NO;
				ASSETCATALOG_COMPILER_GENERATE_SWIFT_ASSET_SYMBOL_EXTENSIONS = YES;
				CLANG_ANALYZER_NONNULL = YES;
				CLANG_ANALYZER_NUMBER_OBJECT_CONVERSION = YES_AGGRESSIVE;
				CLANG_CXX_LANGUAGE_STANDARD = "gnu++20";
				CLANG_ENABLE_MODULES = YES;
				CLANG_ENABLE_OBJC_ARC = YES;
				CLANG_ENABLE_OBJC_WEAK = YES;
				CLANG_WARN_BLOCK_CAPTURE_AUTORELEASING = YES;
				CLANG_WARN_BOOL_CONVERSION = YES;
				CLANG_WARN_COMMA = YES;
				CLANG_WARN_CONSTANT_CONVERSION = YES;
				CLANG_WARN_DEPRECATED_OBJC_IMPLEMENTATIONS = YES;
				CLANG_WARN_DIRECT_OBJC_ISA_USAGE = YES_ERROR;
				CLANG_WARN_DOCUMENTATION_COMMENTS = YES;
				CLANG_WARN_EMPTY_BODY = YES;
				CLANG_WARN_ENUM_CONVERSION = YES;
				CLANG_WARN_INFINITE_RECURSION = YES;
				CLANG_WARN_INT_CONVERSION = YES;
				CLANG_WARN_NON_LITERAL_NULL_CONVERSION = YES;
				CLANG_WARN_OBJC_IMPLICIT_RETAIN_SELF = YES;
				CLANG_WARN_OBJC_LITERAL_CONVERSION = YES;
				CLANG_WARN_OBJC_ROOT_CLASS = YES_ERROR;
				CLANG_WARN_QUOTED_INCLUDE_IN_FRAMEWORK_HEADER = YES;
				CLANG_WARN_RANGE_LOOP_ANALYSIS = YES;
				CLANG_WARN_STRICT_PROTOTYPES = YES;
				CLANG_WARN_SUSPICIOUS_MOVE = YES;
				CLANG_WARN_UNGUARDED_AVAILABILITY = YES_AGGRESSIVE;
				CLANG_WARN_UNREACHABLE_CODE = YES;
				CLANG_WARN__DUPLICATE_METHOD_MATCH = YES;
				COPY_PHASE_STRIP = NO;
				DEBUG_INFORMATION_FORMAT = "dwarf-with-dsym";
				ENABLE_NS_ASSERTIONS = NO;
				ENABLE_STRICT_OBJC_MSGSEND = YES;
				ENABLE_USER_SCRIPT_SANDBOXING = YES;
				GCC_C_LANGUAGE_STANDARD = gnu17;
				GCC_NO_COMMON_BLOCKS = YES;
				GCC_WARN_64_TO_32_BIT_CONVERSION = YES;
				GCC_WARN_ABOUT_RETURN_TYPE = YES_ERROR;
				GCC_WARN_UNDECLARED_SELECTOR = YES;
				GCC_WARN_UNINITIALIZED_AUTOS = YES_AGGRESSIVE;
				GCC_WARN_UNUSED_FUNCTION = YES;
				GCC_WARN_UNUSED_VARIABLE = YES;
				IPHONEOS_DEPLOYMENT_TARGET = 16.1;
				LOCALIZATION_PREFERS_STRING_CATALOGS = YES;
				MTL_ENABLE_DEBUG_INFO = NO;
				MTL_FAST_MATH = YES;
				SDKROOT = iphoneos;
				SWIFT_COMPILATION_MODE = wholemodule;
				VALIDATE_PRODUCT = YES;
			};
			name = Release;
		};
		FC5C383C2BB09ED90072FB2D /* Debug */ = {
			isa = XCBuildConfiguration;
			buildSettings = {
				ASSETCATALOG_COMPILER_APPICON_NAME = AppIcon;
				ASSETCATALOG_COMPILER_GLOBAL_ACCENT_COLOR_NAME = AccentColor;
				CODE_SIGN_STYLE = Automatic;
				CURRENT_PROJECT_VERSION = 1;
				DEVELOPMENT_ASSET_PATHS = "\"EcommerceApp/Preview Content\"";
				DEVELOPMENT_TEAM = UYW8HNCU5F;
				ENABLE_PREVIEWS = YES;
				GENERATE_INFOPLIST_FILE = YES;
				INFOPLIST_KEY_UIApplicationSceneManifest_Generation = YES;
				INFOPLIST_KEY_UIApplicationSupportsIndirectInputEvents = YES;
				INFOPLIST_KEY_UILaunchScreen_Generation = YES;
				INFOPLIST_KEY_UISupportedInterfaceOrientations_iPad = "UIInterfaceOrientationPortrait UIInterfaceOrientationPortraitUpsideDown UIInterfaceOrientationLandscapeLeft UIInterfaceOrientationLandscapeRight";
				INFOPLIST_KEY_UISupportedInterfaceOrientations_iPhone = "UIInterfaceOrientationPortrait UIInterfaceOrientationLandscapeLeft UIInterfaceOrientationLandscapeRight";
				LD_RUNPATH_SEARCH_PATHS = (
					"$(inherited)",
					"@executable_path/Frameworks",
				);
				MARKETING_VERSION = 1.0;
				PRODUCT_BUNDLE_IDENTIFIER = me.vakhtang.Currency.EcommerceApp;
				PRODUCT_NAME = "$(TARGET_NAME)";
				SWIFT_EMIT_LOC_STRINGS = YES;
				SWIFT_VERSION = 5.0;
				TARGETED_DEVICE_FAMILY = "1,2";
			};
			name = Debug;
		};
		FC5C383D2BB09ED90072FB2D /* Release */ = {
			isa = XCBuildConfiguration;
			buildSettings = {
				ASSETCATALOG_COMPILER_APPICON_NAME = AppIcon;
				ASSETCATALOG_COMPILER_GLOBAL_ACCENT_COLOR_NAME = AccentColor;
				CODE_SIGN_STYLE = Automatic;
				CURRENT_PROJECT_VERSION = 1;
				DEVELOPMENT_ASSET_PATHS = "\"EcommerceApp/Preview Content\"";
				DEVELOPMENT_TEAM = UYW8HNCU5F;
				ENABLE_PREVIEWS = YES;
				GENERATE_INFOPLIST_FILE = YES;
				INFOPLIST_KEY_UIApplicationSceneManifest_Generation = YES;
				INFOPLIST_KEY_UIApplicationSupportsIndirectInputEvents = YES;
				INFOPLIST_KEY_UILaunchScreen_Generation = YES;
				INFOPLIST_KEY_UISupportedInterfaceOrientations_iPad = "UIInterfaceOrientationPortrait UIInterfaceOrientationPortraitUpsideDown UIInterfaceOrientationLandscapeLeft UIInterfaceOrientationLandscapeRight";
				INFOPLIST_KEY_UISupportedInterfaceOrientations_iPhone = "UIInterfaceOrientationPortrait UIInterfaceOrientationLandscapeLeft UIInterfaceOrientationLandscapeRight";
				LD_RUNPATH_SEARCH_PATHS = (
					"$(inherited)",
					"@executable_path/Frameworks",
				);
				MARKETING_VERSION = 1.0;
				PRODUCT_BUNDLE_IDENTIFIER = me.vakhtang.Currency.EcommerceApp;
				PRODUCT_NAME = "$(TARGET_NAME)";
				SWIFT_EMIT_LOC_STRINGS = YES;
				SWIFT_VERSION = 5.0;
				TARGETED_DEVICE_FAMILY = "1,2";
			};
			name = Release;
		};
/* End XCBuildConfiguration section */

/* Begin XCConfigurationList section */
		FC5C38282BB09ED70072FB2D /* Build configuration list for PBXProject "EcommerceApp" */ = {
			isa = XCConfigurationList;
			buildConfigurations = (
				FC5C38392BB09ED90072FB2D /* Debug */,
				FC5C383A2BB09ED90072FB2D /* Release */,
			);
			defaultConfigurationIsVisible = 0;
			defaultConfigurationName = Release;
		};
		FC5C383B2BB09ED90072FB2D /* Build configuration list for PBXNativeTarget "EcommerceApp" */ = {
			isa = XCConfigurationList;
			buildConfigurations = (
				FC5C383C2BB09ED90072FB2D /* Debug */,
				FC5C383D2BB09ED90072FB2D /* Release */,
			);
			defaultConfigurationIsVisible = 0;
			defaultConfigurationName = Release;
		};
/* End XCConfigurationList section */

/* Begin XCRemoteSwiftPackageReference section */
		FC800D242BB34E0F001344C8 /* XCRemoteSwiftPackageReference "firebase-ios-sdk" */ = {
			isa = XCRemoteSwiftPackageReference;
			repositoryURL = "https://github.com/firebase/firebase-ios-sdk";
			requirement = {
				kind = upToNextMajorVersion;
				minimumVersion = 10.23.0;
			};
		};
/* End XCRemoteSwiftPackageReference section */

/* Begin XCSwiftPackageProductDependency section */
		FC800D252BB34E0F001344C8 /* FirebaseAnalytics */ = {
			isa = XCSwiftPackageProductDependency;
			package = FC800D242BB34E0F001344C8 /* XCRemoteSwiftPackageReference "firebase-ios-sdk" */;
			productName = FirebaseAnalytics;
		};
		FC800D272BB34E0F001344C8 /* FirebaseAnalyticsSwift */ = {
			isa = XCSwiftPackageProductDependency;
			package = FC800D242BB34E0F001344C8 /* XCRemoteSwiftPackageReference "firebase-ios-sdk" */;
			productName = FirebaseAnalyticsSwift;
		};
		FC800D292BB34E0F001344C8 /* FirebaseAppCheck */ = {
			isa = XCSwiftPackageProductDependency;
			package = FC800D242BB34E0F001344C8 /* XCRemoteSwiftPackageReference "firebase-ios-sdk" */;
			productName = FirebaseAppCheck;
		};
		FC800D2B2BB34E0F001344C8 /* FirebaseAppDistribution-Beta */ = {
			isa = XCSwiftPackageProductDependency;
			package = FC800D242BB34E0F001344C8 /* XCRemoteSwiftPackageReference "firebase-ios-sdk" */;
			productName = "FirebaseAppDistribution-Beta";
		};
		FC800D2E2BB35469001344C8 /* FirebaseAuth */ = {
			isa = XCSwiftPackageProductDependency;
			package = FC800D242BB34E0F001344C8 /* XCRemoteSwiftPackageReference "firebase-ios-sdk" */;
			productName = FirebaseAuth;
		};
		FC800D602BB9CAA2001344C8 /* FirebaseFirestore */ = {
			isa = XCSwiftPackageProductDependency;
			package = FC800D242BB34E0F001344C8 /* XCRemoteSwiftPackageReference "firebase-ios-sdk" */;
			productName = FirebaseFirestore;
		};
		FC800D622BB9CAA8001344C8 /* FirebaseFirestoreSwift */ = {
			isa = XCSwiftPackageProductDependency;
			package = FC800D242BB34E0F001344C8 /* XCRemoteSwiftPackageReference "firebase-ios-sdk" */;
			productName = FirebaseFirestoreSwift;
		};
		FC800D642BB9CACD001344C8 /* FirebaseStorage */ = {
			isa = XCSwiftPackageProductDependency;
			package = FC800D242BB34E0F001344C8 /* XCRemoteSwiftPackageReference "firebase-ios-sdk" */;
			productName = FirebaseStorage;
		};
/* End XCSwiftPackageProductDependency section */
	};
	rootObject = FC5C38252BB09ED70072FB2D /* Project object */;
}
